%{"bunt": {:hex, :bunt, "0.1.5"},
  "certifi": {:hex, :certifi, "0.1.1"},
  "coverex": {:hex, :coverex, "1.4.5"},
  "credo": {:hex, :credo, "0.3.13"},
  "dialyze": {:hex, :dialyze, "0.2.0"},
  "dogma": {:hex, :dogma, "0.0.11"},
  "earmark": {:hex, :earmark, "0.1.19"},
  "eep": {:git, "https://github.com/virtan/eep.git", "00f57b15477ba16cf3235e093de843205787442d", []},
  "ex_doc": {:hex, :ex_doc, "0.10.0"},
  "hackney": {:hex, :hackney, "1.4.4"},
  "httpoison": {:hex, :httpoison, "0.8.0"},
  "idna": {:hex, :idna, "1.0.2"},
  "mimerl": {:hex, :mimerl, "1.0.0"},
  "poison": {:hex, :poison, "1.5.0"},
  "ssl_verify_hostname": {:hex, :ssl_verify_hostname, "1.0.5"}}
